<?xml version="1.0" encoding="utf-8"?>
<Project ToolsVersion="4.0" xmlns="http://schemas.microsoft.com/developer/msbuild/2003">
  <ItemGroup>
    <Filter Include="Source Files">
      <UniqueIdentifier>{e2519803-0b38-4738-875b-a27b18e8b360}</UniqueIdentifier>
      <Extensions>cpp;c;cxx;rc;def;r;odl;idl;hpj;bat</Extensions>
    </Filter>
    <Filter Include="Header Files">
      <UniqueIdentifier>{d30d5d0b-5c5b-4ca4-9981-8add6adba5ee}</UniqueIdentifier>
      <Extensions>h;hpp;hxx;hm;inl</Extensions>
    </Filter>
    <Filter Include="Resource Files">
      <UniqueIdentifier>{18675796-f776-4dfc-b4c6-6ed15044e9e8}</UniqueIdentifier>
      <Extensions>ico;cur;bmp;dlg;rc2;rct;bin;rgs;gif;jpg;jpeg;jpe</Extensions>
    </Filter>
  </ItemGroup>
  <ItemGroup>
    <ClCompile Include="ColorMix.cpp">
      <Filter>Source Files</Filter>
    </ClCompile>
    <ClCompile Include="IdleFunc.cpp">
      <Filter>Source Files</Filter>
    </ClCompile>
    <ClCompile Include="MainFrm.cpp">
      <Filter>Source Files</Filter>
    </ClCompile>
    <ClCompile Include="MemoryMap.cpp">
      <Filter>Source Files</Filter>
    </ClCompile>
    <ClCompile Include="RunningLineDisp.cpp">
      <Filter>Source Files</Filter>
    </ClCompile>
    <ClCompile Include="SignalInputs.cpp">
      <Filter>Source Files</Filter>
    </ClCompile>
    <ClCompile Include="Statistics.cpp">
      <Filter>Source Files</Filter>
    </ClCompile>
    <ClCompile Include="StdAfx.cpp">
      <Filter>Source Files</Filter>
    </ClCompile>
    <ClCompile Include="TriggerECode.cpp">
      <Filter>Source Files</Filter>
    </ClCompile>
    <ClCompile Include="UserInputs.cpp">
      <Filter>Source Files</Filter>
    </ClCompile>
    <ClCompile Include="ReplicateVIS.cpp">
      <Filter>Source Files</Filter>
    </ClCompile>
    <ClCompile Include="Eye_Position.cpp">
      <Filter>Source Files</Filter>
    </ClCompile>
    <ClCompile Include="Msg_Exchnage.cpp">
      <Filter>Source Files</Filter>
    </ClCompile>
    <ClCompile Include="Figure_MOXY.cpp">
      <Filter>Source Files</Filter>
    </ClCompile>
    <ClCompile Include="File_MOXY.cpp">
      <Filter>Source Files</Filter>
    </ClCompile>
    <ClCompile Include="Mouse_MOXY.cpp">
      <Filter>Source Files</Filter>
    </ClCompile>
    <ClCompile Include="MOXY.cpp">
      <Filter>Source Files</Filter>
    </ClCompile>
    <ClCompile Include="MOXY_Doc.cpp">
      <Filter>Source Files</Filter>
    </ClCompile>
    <ClCompile Include="MOXY_View.cpp">
      <Filter>Source Files</Filter>
    </ClCompile>
    <ClCompile Include="Dialog_AcceptOneString.cpp">
      <Filter>Source Files</Filter>
    </ClCompile>
    <ClCompile Include="Dialog_AppendOverwriteCancel.cpp">
      <Filter>Source Files</Filter>
    </ClCompile>
    <ClCompile Include="Dialog_AxisScale.cpp">
      <Filter>Source Files</Filter>
    </ClCompile>
    <ClCompile Include="Dialog_PrefixSuffix.cpp">
      <Filter>Source Files</Filter>
    </ClCompile>
    <ClCompile Include="UserData.cpp">
      <Filter>Source Files</Filter>
    </ClCompile>
    <ClCompile Include="Dialog_Visiable_Objs.cpp">
      <Filter>Source Files</Filter>
    </ClCompile>
  </ItemGroup>
  <ItemGroup>
    <ClInclude Include="MainFrm.h">
      <Filter>Header Files</Filter>
    </ClInclude>
    <ClInclude Include="Resource.h">
      <Filter>Header Files</Filter>
    </ClInclude>
    <ClInclude Include="SinTable.h">
      <Filter>Header Files</Filter>
    </ClInclude>
    <ClInclude Include="StdAfx.h">
      <Filter>Header Files</Filter>
    </ClInclude>
    <ClInclude Include="VarDefinitions.h">
      <Filter>Header Files</Filter>
    </ClInclude>
    <ClInclude Include="RunningLineDisplay.h">
      <Filter>Header Files</Filter>
    </ClInclude>
    <ClInclude Include="MOXY_View.h">
      <Filter>Header Files</Filter>
    </ClInclude>
    <ClInclude Include="MOXY_Doc.h">
      <Filter>Header Files</Filter>
    </ClInclude>
    <ClInclude Include="MOXY.h">
      <Filter>Header Files</Filter>
    </ClInclude>
    <ClInclude Include="Figure_MOXY.h">
      <Filter>Header Files</Filter>
    </ClInclude>
    <ClInclude Include="Dialog_TriggerECode.h">
      <Filter>Header Files</Filter>
    </ClInclude>
    <ClInclude Include="Dialog_AxisScale.h">
      <Filter>Header Files</Filter>
    </ClInclude>
    <ClInclude Include="Dialog_AppendOverwriteCancel.h">
      <Filter>Header Files</Filter>
    </ClInclude>
    <ClInclude Include="Dialog_AcceptOneString.h">
      <Filter>Header Files</Filter>
    </ClInclude>
    <ClInclude Include="Dialog_PrefixSuffix.h">
      <Filter>Header Files</Filter>
    </ClInclude>
    <ClInclude Include="..\_Include\MemMap_Decl_TASMOXYVIS.h">
      <Filter>Header Files</Filter>
    </ClInclude>
    <ClInclude Include="..\_Include\MemMap_Close_TASMOXYVIS.h">
      <Filter>Header Files</Filter>
    </ClInclude>
    <ClInclude Include="..\_Include\MemMap_Open_TASMOXYVIS.h">
      <Filter>Header Files</Filter>
    </ClInclude>
    <ClInclude Include="..\_Include\MemMap_Decl.h">
      <Filter>Header Files</Filter>
    </ClInclude>
    <ClInclude Include="..\_Include\MemMap_Open_Ecodes.h">
      <Filter>Header Files</Filter>
    </ClInclude>
    <ClInclude Include="..\_Include\MemMap_Open_DAS.h">
      <Filter>Header Files</Filter>
    </ClInclude>
    <ClInclude Include="..\_Include\MemMap_Close_DAS.h">
      <Filter>Header Files</Filter>
    </ClInclude>
    <ClInclude Include="..\_Include\SharedConstants.h">
      <Filter>Header Files</Filter>
    </ClInclude>
    <ClInclude Include="..\_Include\SharedConst_TASMOXYVIS.h">
      <Filter>Header Files</Filter>
    </ClInclude>
    <ClInclude Include="Name_and_ArrayOfValues_to_record.h">
      <Filter>Header Files</Filter>
    </ClInclude>
    <ClInclude Include="Dialog_Visiable_Objs.h">
      <Filter>Header Files</Filter>
    </ClInclude>
    <ClInclude Include="..\_Include\MemMap_Close_Trials.h">
      <Filter>Header Files</Filter>
    </ClInclude>
    <ClInclude Include="..\_Include\MemMap_Open_Trials.h">
      <Filter>Header Files</Filter>
    </ClInclude>
    <ClInclude Include="Figure_XY_VIS_Replica.h">
      <Filter>Header Files</Filter>
    </ClInclude>
  </ItemGroup>
  <ItemGroup>
    <None Include="res\cursor1.cur">
      <Filter>Resource Files</Filter>
    </None>
    <None Include="res\Toolbar.bmp">
      <Filter>Resource Files</Filter>
    </None>
    <None Include="res\toolbar1.bmp">
      <Filter>Resource Files</Filter>
    </None>
    <None Include="ReadMe.txt" />
    <None Include="res\MOXY.rc2">
      <Filter>Resource Files</Filter>
    </None>
    <None Include="res\MOXY_Doc.ico">
      <Filter>Resource Files</Filter>
    </None>
    <None Include="res\MOXY.ico">
      <Filter>Resource Files</Filter>
    </None>
  </ItemGroup>
  <ItemGroup>
    <ResourceCompile Include="MOXY.rc">
      <Filter>Resource Files</Filter>
    </ResourceCompile>
  </ItemGroup>
</Project>