<?xml version="1.0" encoding="utf-8"?>
<Project ToolsVersion="4.0" xmlns="http://schemas.microsoft.com/developer/msbuild/2003">
  <ItemGroup>
    <Filter Include="Source Files">
      <UniqueIdentifier>{e2519803-0b38-4738-875b-a27b18e8b360}</UniqueIdentifier>
      <Extensions>cpp;c;cxx;rc;def;r;odl;idl;hpj;bat</Extensions>
    </Filter>
    <Filter Include="Header Files">
      <UniqueIdentifier>{d30d5d0b-5c5b-4ca4-9981-8add6adba5ee}</UniqueIdentifier>
      <Extensions>h;hpp;hxx;hm;inl</Extensions>
    </Filter>
    <Filter Include="Resource Files">
      <UniqueIdentifier>{18675796-f776-4dfc-b4c6-6ed15044e9e8}</UniqueIdentifier>
      <Extensions>ico;cur;bmp;dlg;rc2;rct;bin;rgs;gif;jpg;jpeg;jpe</Extensions>
    </Filter>
  </ItemGroup>
  <ItemGroup>
    <ClCompile Include="MainFrm.cpp">
      <Filter>Source Files</Filter>
    </ClCompile>
    <ClCompile Include="StdAfx.cpp">
      <Filter>Source Files</Filter>
    </ClCompile>
    <ClCompile Include="TAS.cpp">
      <Filter>Source Files</Filter>
    </ClCompile>
    <ClCompile Include="TAS_View.cpp">
      <Filter>Source Files</Filter>
    </ClCompile>
    <ClCompile Include="task_OneDR.cpp">
      <Filter>Source Files</Filter>
    </ClCompile>
    <ClCompile Include="UserInputs.cpp">
      <Filter>Source Files</Filter>
    </ClCompile>
    <ClCompile Include="MY_NEW_FIX_TASK_Dialog.cpp">
      <Filter>Source Files</Filter>
    </ClCompile>
    <ClCompile Include="Dialog2.cpp">
      <Filter>Source Files</Filter>
    </ClCompile>
    <ClCompile Include="Dialog3.cpp">
      <Filter>Source Files</Filter>
    </ClCompile>
    <ClCompile Include="DialogBox.cpp">
      <Filter>Source Files</Filter>
    </ClCompile>
    <ClCompile Include="Update_Me_TAS_Doc.cpp">
      <Filter>Source Files</Filter>
    </ClCompile>
    <ClCompile Include="Task_Fix.cpp">
      <Filter>Source Files</Filter>
    </ClCompile>
    <ClCompile Include="task_Saccade.cpp">
      <Filter>Source Files</Filter>
    </ClCompile>
    <ClCompile Include="Dialog_AppendOverwriteCancel.cpp">
      <Filter>Source Files</Filter>
    </ClCompile>
    <ClCompile Include="Dialog_JustDoIt.cpp">
      <Filter>Source Files</Filter>
    </ClCompile>
    <ClCompile Include="task_OrthoStimulation.cpp">
      <Filter>Source Files</Filter>
    </ClCompile>
    <ClCompile Include="Task.cpp">
      <Filter>Source Files</Filter>
    </ClCompile>
  </ItemGroup>
  <ItemGroup>
    <ClInclude Include="Dialogue2.h">
      <Filter>Header Files</Filter>
    </ClInclude>
    <ClInclude Include="Dialogue3.h">
      <Filter>Header Files</Filter>
    </ClInclude>
    <ClInclude Include="DialogueBox.h">
      <Filter>Header Files</Filter>
    </ClInclude>
    <ClInclude Include="MainFrm.h">
      <Filter>Header Files</Filter>
    </ClInclude>
    <ClInclude Include="Resource.h">
      <Filter>Header Files</Filter>
    </ClInclude>
    <ClInclude Include="SinTable.h">
      <Filter>Header Files</Filter>
    </ClInclude>
    <ClInclude Include="StdAfx.h">
      <Filter>Header Files</Filter>
    </ClInclude>
    <ClInclude Include="TAS.h">
      <Filter>Header Files</Filter>
    </ClInclude>
    <ClInclude Include="TAS_View.h">
      <Filter>Header Files</Filter>
    </ClInclude>
    <ClInclude Include="Task_Constants.h">
      <Filter>Header Files</Filter>
    </ClInclude>
    <ClInclude Include="Dialog_MY_NEW_FIX_TASK.h">
      <Filter>Header Files</Filter>
    </ClInclude>
    <ClInclude Include="Dialog_AppendOverwriteCancel.h">
      <Filter>Header Files</Filter>
    </ClInclude>
    <ClInclude Include="Update_Me_TAS_Doc.h">
      <Filter>Header Files</Filter>
    </ClInclude>
    <ClInclude Include="Dialog_JustDoIt.h">
      <Filter>Header Files</Filter>
    </ClInclude>
  </ItemGroup>
  <ItemGroup>
    <None Include="res\cursor1.cur">
      <Filter>Resource Files</Filter>
    </None>
    <None Include="res\TAS.ico">
      <Filter>Resource Files</Filter>
    </None>
    <None Include="res\TAS.rc2">
      <Filter>Resource Files</Filter>
    </None>
    <None Include="res\TAS_Doc.ico">
      <Filter>Resource Files</Filter>
    </None>
    <None Include="res\Toolbar.bmp">
      <Filter>Resource Files</Filter>
    </None>
    <None Include="res\toolbar1.bmp">
      <Filter>Resource Files</Filter>
    </None>
    <None Include="ReadMe.txt" />
  </ItemGroup>
  <ItemGroup>
    <ResourceCompile Include="TAS.rc">
      <Filter>Resource Files</Filter>
    </ResourceCompile>
  </ItemGroup>
</Project>