<?xml version="1.0" encoding="utf-8"?>
<Project ToolsVersion="4.0" xmlns="http://schemas.microsoft.com/developer/msbuild/2003">
  <ItemGroup>
    <Filter Include="Source Files">
      <UniqueIdentifier>{fb1a0353-7df7-471a-9eba-1171a5bd26ff}</UniqueIdentifier>
      <Extensions>cpp;c;cxx;rc;def;r;odl;idl;hpj;bat</Extensions>
    </Filter>
    <Filter Include="Header Files">
      <UniqueIdentifier>{80928b0c-16b1-4d35-8bf3-a22a007df4af}</UniqueIdentifier>
      <Extensions>h;hpp;hxx;hm;inl</Extensions>
    </Filter>
    <Filter Include="Resource Files">
      <UniqueIdentifier>{66e5c6fd-fe5e-48f4-b694-24496773d2cd}</UniqueIdentifier>
      <Extensions>ico;cur;bmp;dlg;rc2;rct;bin;rgs;gif;jpg;jpeg;jpe</Extensions>
    </Filter>
  </ItemGroup>
  <ItemGroup>
    <ClCompile Include="ColorMix.cpp">
      <Filter>Source Files</Filter>
    </ClCompile>
    <ClCompile Include="Figures.cpp">
      <Filter>Source Files</Filter>
    </ClCompile>
    <ClCompile Include="Files.cpp">
      <Filter>Source Files</Filter>
    </ClCompile>
    <ClCompile Include="Kernels.cpp">
      <Filter>Source Files</Filter>
    </ClCompile>
    <ClCompile Include="MainFrm.cpp">
      <Filter>Source Files</Filter>
    </ClCompile>
    <ClCompile Include="Mouse.cpp">
      <Filter>Source Files</Filter>
    </ClCompile>
    <ClCompile Include="Statistics.cpp">
      <Filter>Source Files</Filter>
    </ClCompile>
    <ClCompile Include="StdAfx.cpp">
      <Filter>Source Files</Filter>
    </ClCompile>
    <ClCompile Include="ThreeD.cpp">
      <Filter>Source Files</Filter>
    </ClCompile>
    <ClCompile Include="VIS.cpp">
      <Filter>Source Files</Filter>
    </ClCompile>
    <ClCompile Include="VIS_3D.cpp">
      <Filter>Source Files</Filter>
    </ClCompile>
    <ClCompile Include="VIS_Display.cpp">
      <Filter>Source Files</Filter>
    </ClCompile>
    <ClCompile Include="VIS_View.cpp">
      <Filter>Source Files</Filter>
    </ClCompile>
    <ClCompile Include="VIS_Doc.cpp">
      <Filter>Source Files</Filter>
    </ClCompile>
    <ClCompile Include="MemoryMap.cpp">
      <Filter>Source Files</Filter>
    </ClCompile>
  </ItemGroup>
  <ItemGroup>
    <ClInclude Include="Figures.h">
      <Filter>Header Files</Filter>
    </ClInclude>
    <ClInclude Include="MainFrm.h">
      <Filter>Header Files</Filter>
    </ClInclude>
    <ClInclude Include="Resource.h">
      <Filter>Header Files</Filter>
    </ClInclude>
    <ClInclude Include="SinTable.h">
      <Filter>Header Files</Filter>
    </ClInclude>
    <ClInclude Include="StdAfx.h">
      <Filter>Header Files</Filter>
    </ClInclude>
    <ClInclude Include="ThreeD.h">
      <Filter>Header Files</Filter>
    </ClInclude>
    <ClInclude Include="VarDefinitions.h">
      <Filter>Header Files</Filter>
    </ClInclude>
    <ClInclude Include="VIS.h">
      <Filter>Header Files</Filter>
    </ClInclude>
    <ClInclude Include="VIS_View.h">
      <Filter>Header Files</Filter>
    </ClInclude>
    <ClInclude Include="VIS_Doc.h">
      <Filter>Header Files</Filter>
    </ClInclude>
    <ClInclude Include="..\_Include\SharedConstants.h">
      <Filter>Header Files</Filter>
    </ClInclude>
    <ClInclude Include="..\_Include\SharedConst_TASMOXYVIS.h">
      <Filter>Header Files</Filter>
    </ClInclude>
  </ItemGroup>
  <ItemGroup>
    <None Include="res\cursor1.cur">
      <Filter>Resource Files</Filter>
    </None>
    <None Include="res\Toolbar.bmp">
      <Filter>Resource Files</Filter>
    </None>
    <None Include="res\VIS.ico">
      <Filter>Resource Files</Filter>
    </None>
    <None Include="res\VIS.rc2">
      <Filter>Resource Files</Filter>
    </None>
    <None Include="res\VISDoc.ico">
      <Filter>Resource Files</Filter>
    </None>
    <None Include="ReadMe.txt" />
  </ItemGroup>
  <ItemGroup>
    <ResourceCompile Include="VIS.rc">
      <Filter>Resource Files</Filter>
    </ResourceCompile>
  </ItemGroup>
</Project>